{
  "version": "5",
  "specifiers": {
    "jsr:@baetheus/fun@^3.0.0-rc.9": "3.0.0-rc.9",
    "jsr:@std/assert@*": "1.0.19",
    "jsr:@std/assert@1": "1.0.19",
    "jsr:@std/internal@^1.0.12": "1.0.12",
    "npm:csstype@*": "3.2.3",
    "npm:csstype@^3.2.3": "3.2.3"
  },
  "jsr": {
    "@baetheus/fun@3.0.0-rc.9": {
      "integrity": "a8ed38c7997532e425e928ca6c5e7b44449aed787bf1f328e5d5f208129f2009"
    },
    "@std/assert@1.0.19": {
      "integrity": "eaada96ee120cb980bc47e040f82814d786fe8162ecc53c91d8df60b8755991e",
      "dependencies": [
        "jsr:@std/internal"
      ]
    },
    "@std/internal@1.0.12": {
      "integrity": "972a634fd5bc34b242024402972cd5143eac68d8dffaca5eaa4dba30ce17b027"
    }
  },
  "npm": {
    "csstype@3.2.3": {
      "integrity": "sha512-z1HGKcYy2xA8AGQfwrn0PAy+PB7X/GSj3UVJW9qKyn43xWa+gl5nXmU4qqLMRzWVLFC8KusUX8T/0kCiOYpAIQ=="
    }
  },
  "workspace": {
    "dependencies": [
      "jsr:@baetheus/fun@^3.0.0-rc.9",
      "jsr:@std/assert@1",
      "npm:csstype@^3.2.3"
    ]
  }
}
